// !$*UTF8*$!
{
	archiveVersion = 1;
	classes = {
	};
	objectVersion = 50;
	objects = {

/* Begin PBXBuildFile section */
		7FBE5C3626AC63AC00CEE34A /* ColorViewController.swift in Sources */ = {isa = PBXBuildFile; fileRef = 7FBE5C3526AC63AC00CEE34A /* ColorViewController.swift */; };
		7FC5475E26989D3D0028DDA0 /* AppDelegate.swift in Sources */ = {isa = PBXBuildFile; fileRef = 7FC5475D26989D3D0028DDA0 /* AppDelegate.swift */; };
		7FC5476026989D3D0028DDA0 /* SceneDelegate.swift in Sources */ = {isa = PBXBuildFile; fileRef = 7FC5475F26989D3D0028DDA0 /* SceneDelegate.swift */; };
		7FC5476226989D3D0028DDA0 /* SettingsViewController.swift in Sources */ = {isa = PBXBuildFile; fileRef = 7FC5476126989D3D0028DDA0 /* SettingsViewController.swift */; };
		7FC5476526989D3D0028DDA0 /* Main.storyboard in Resources */ = {isa = PBXBuildFile; fileRef = 7FC5476326989D3D0028DDA0 /* Main.storyboard */; };
		7FC5476726989D410028DDA0 /* Assets.xcassets in Resources */ = {isa = PBXBuildFile; fileRef = 7FC5476626989D410028DDA0 /* Assets.xcassets */; };
		7FC5476A26989D410028DDA0 /* LaunchScreen.storyboard in Resources */ = {isa = PBXBuildFile; fileRef = 7FC5476826989D410028DDA0 /* LaunchScreen.storyboard */; };
/* End PBXBuildFile section */

/* Begin PBXFileReference section */
		7FBE5C3526AC63AC00CEE34A /* ColorViewController.swift */ = {isa = PBXFileReference; lastKnownFileType = sourcecode.swift; path = ColorViewController.swift; sourceTree = "<group>"; };
		7FC5475A26989D3D0028DDA0 /* slidersApp.app */ = {isa = PBXFileReference; explicitFileType = wrapper.application; includeInIndex = 0; path = slidersApp.app; sourceTree = BUILT_PRODUCTS_DIR; };
		7FC5475D26989D3D0028DDA0 /* AppDelegate.swift */ = {isa = PBXFileReference; lastKnownFileType = sourcecode.swift; path = AppDelegate.swift; sourceTree = "<group>"; };
		7FC5475F26989D3D0028DDA0 /* SceneDelegate.swift */ = {isa = PBXFileReference; lastKnownFileType = sourcecode.swift; path = SceneDelegate.swift; sourceTree = "<group>"; };
		7FC5476126989D3D0028DDA0 /* SettingsViewController.swift */ = {isa = PBXFileReference; lastKnownFileType = sourcecode.swift; path = SettingsViewController.swift; sourceTree = "<group>"; };
		7FC5476426989D3D0028DDA0 /* Base */ = {isa = PBXFileReference; lastKnownFileType = file.storyboard; name = Base; path = Base.lproj/Main.storyboard; sourceTree = "<group>"; };
		7FC5476626989D410028DDA0 /* Assets.xcassets */ = {isa = PBXFileReference; lastKnownFileType = folder.assetcatalog; path = Assets.xcassets; sourceTree = "<group>"; };
		7FC5476926989D410028DDA0 /* Base */ = {isa = PBXFileReference; lastKnownFileType = file.storyboard; name = Base; path = Base.lproj/LaunchScreen.storyboard; sourceTree = "<group>"; };
		7FC5476B26989D410028DDA0 /* Info.plist */ = {isa = PBXFileReference; lastKnownFileType = text.plist.xml; path = Info.plist; sourceTree = "<group>"; };
/* End PBXFileReference section */

/* Begin PBXFrameworksBuildPhase section */
		7FC5475726989D3D0028DDA0 /* Frameworks */ = {
			isa = PBXFrameworksBuildPhase;
			buildActionMask = 2147483647;
			files = (
			);
			runOnlyForDeploymentPostprocessing = 0;
		};
/* End PBXFrameworksBuildPhase section */

/* Begin PBXGroup section */
		7F5A466826ACA77300334340 /* ViewConroller */ = {
			isa = PBXGroup;
			children = (
				7FC5476126989D3D0028DDA0 /* SettingsViewController.swift */,
				7FBE5C3526AC63AC00CEE34A /* ColorViewController.swift */,
			);
			path = ViewConroller;
			sourceTree = "<group>";
		};
		7FC5475126989D3D0028DDA0 = {
			isa = PBXGroup;
			children = (
				7FC5475C26989D3D0028DDA0 /* slidersApp */,
				7FC5475B26989D3D0028DDA0 /* Products */,
			);
			sourceTree = "<group>";
		};
		7FC5475B26989D3D0028DDA0 /* Products */ = {
			isa = PBXGroup;
			children = (
				7FC5475A26989D3D0028DDA0 /* slidersApp.app */,
			);
			name = Products;
			sourceTree = "<group>";
		};
		7FC5475C26989D3D0028DDA0 /* slidersApp */ = {
			isa = PBXGroup;
			children = (
				7FC5475D26989D3D0028DDA0 /* AppDelegate.swift */,
				7FC5475F26989D3D0028DDA0 /* SceneDelegate.swift */,
				7FC5476326989D3D0028DDA0 /* Main.storyboard */,
				7F5A466826ACA77300334340 /* ViewConroller */,
				7FC5476626989D410028DDA0 /* Assets.xcassets */,
				7FC5476826989D410028DDA0 /* LaunchScreen.storyboard */,
				7FC5476B26989D410028DDA0 /* Info.plist */,
			);
			path = slidersApp;
			sourceTree = "<group>";
		};
/* End PBXGroup section */

/* Begin PBXNativeTarget section */
		7FC5475926989D3D0028DDA0 /* slidersApp */ = {
			isa = PBXNativeTarget;
			buildConfigurationList = 7FC5476E26989D410028DDA0 /* Build configuration list for PBXNativeTarget "slidersApp" */;
			buildPhases = (
				7FC5475626989D3D0028DDA0 /* Sources */,
				7FC5475726989D3D0028DDA0 /* Frameworks */,
				7FC5475826989D3D0028DDA0 /* Resources */,
			);
			buildRules = (
			);
			dependencies = (
			);
			name = slidersApp;
			productName = slidersApp;
			productReference = 7FC5475A26989D3D0028DDA0 /* slidersApp.app */;
			productType = "com.apple.product-type.application";
		};
/* End PBXNativeTarget section */

/* Begin PBXProject section */
		7FC5475226989D3D0028DDA0 /* Project object */ = {
			isa = PBXProject;
			attributes = {
				LastSwiftUpdateCheck = 1250;
				LastUpgradeCheck = 1250;
				TargetAttributes = {
					7FC5475926989D3D0028DDA0 = {
						CreatedOnToolsVersion = 12.5.1;
					};
				};
			};
			buildConfigurationList = 7FC5475526989D3D0028DDA0 /* Build configuration list for PBXProject "slidersApp" */;
			compatibilityVersion = "Xcode 9.3";
			developmentRegion = en;
			hasScannedForEncodings = 0;
			knownRegions = (
				en,
				Base,
			);
			mainGroup = 7FC5475126989D3D0028DDA0;
			productRefGroup = 7FC5475B26989D3D0028DDA0 /* Products */;
			projectDirPath = "";
			projectRoot = "";
			targets = (
				7FC5475926989D3D0028DDA0 /* slidersApp */,
			);
		};
/* End PBXProject section */

/* Begin PBXResourcesBuildPhase section */
		7FC5475826989D3D0028DDA0 /* Resources */ = {
			isa = PBXResourcesBuildPhase;
			buildActionMask = 2147483647;
			files = (
				7FC5476A26989D410028DDA0 /* LaunchScreen.storyboard in Resources */,
				7FC5476726989D410028DDA0 /* Assets.xcassets in Resources */,
				7FC5476526989D3D0028DDA0 /* Main.storyboard in Resources */,
			);
			runOnlyForDeploymentPostprocessing = 0;
		};
/* End PBXResourcesBuildPhase section */

/* Begin PBXSourcesBuildPhase section */
		7FC5475626989D3D0028DDA0 /* Sources */ = {
			isa = PBXSourcesBuildPhase;
			buildActionMask = 2147483647;
			files = (
				7FC5476226989D3D0028DDA0 /* SettingsViewController.swift in Sources */,
				7FC5475E26989D3D0028DDA0 /* AppDelegate.swift in Sources */,
				7FBE5C3626AC63AC00CEE34A /* ColorViewController.swift in Sources */,
				7FC5476026989D3D0028DDA0 /* SceneDelegate.swift in Sources */,
			);
			runOnlyForDeploymentPostprocessing = 0;
		};
/* End PBXSourcesBuildPhase section */

/* Begin PBXVariantGroup section */
		7FC5476326989D3D0028DDA0 /* Main.storyboard */ = {
			isa = PBXVariantGroup;
			children = (
				7FC5476426989D3D0028DDA0 /* Base */,
			);
			name = Main.storyboard;
			sourceTree = "<group>";
		};
		7FC5476826989D410028DDA0 /* LaunchScreen.storyboard */ = {
			isa = PBXVariantGroup;
			children = (
				7FC5476926989D410028DDA0 /* Base */,
			);
			name = LaunchScreen.storyboard;
			sourceTree = "<group>";
		};
/* End PBXVariantGroup section */

/* Begin XCBuildConfiguration section */
		7FC5476C26989D410028DDA0 /* Debug */ = {
			isa = XCBuildConfiguration;
			buildSettings = {
				ALWAYS_SEARCH_USER_PATHS = NO;
				CLANG_ANALYZER_NONNULL = YES;
				CLANG_ANALYZER_NUMBER_OBJECT_CONVERSION = YES_AGGRESSIVE;
				CLANG_CXX_LANGUAGE_STANDARD = "gnu++14";
				CLANG_CXX_LIBRARY = "libc++";
				CLANG_ENABLE_MODULES = YES;
				CLANG_ENABLE_OBJC_ARC = YES;
				CLANG_ENABLE_OBJC_WEAK = YES;
				CLANG_WARN_BLOCK_CAPTURE_AUTORELEASING = YES;
				CLANG_WARN_BOOL_CONVERSION = YES;
				CLANG_WARN_COMMA = YES;
				CLANG_WARN_CONSTANT_CONVERSION = YES;
				CLANG_WARN_DEPRECATED_OBJC_IMPLEMENTATIONS = YES;
				CLANG_WARN_DIRECT_OBJC_ISA_USAGE = YES_ERROR;
				CLANG_WARN_DOCUMENTATION_COMMENTS = YES;
				CLANG_WARN_EMPTY_BODY = YES;
				CLANG_WARN_ENUM_CONVERSION = YES;
				CLANG_WARN_INFINITE_RECURSION = YES;
				CLANG_WARN_INT_CONVERSION = YES;
				CLANG_WARN_NON_LITERAL_NULL_CONVERSION = YES;
				CLANG_WARN_OBJC_IMPLICIT_RETAIN_SELF = YES;
				CLANG_WARN_OBJC_LITERAL_CONVERSION = YES;
				CLANG_WARN_OBJC_ROOT_CLASS = YES_ERROR;
				CLANG_WARN_QUOTED_INCLUDE_IN_FRAMEWORK_HEADER = YES;
				CLANG_WARN_RANGE_LOOP_ANALYSIS = YES;
				CLANG_WARN_STRICT_PROTOTYPES = YES;
				CLANG_WARN_SUSPICIOUS_MOVE = YES;
				CLANG_WARN_UNGUARDED_AVAILABILITY = YES_AGGRESSIVE;
				CLANG_WARN_UNREACHABLE_CODE = YES;
				CLANG_WARN__DUPLICATE_METHOD_MATCH = YES;
				COPY_PHASE_STRIP = NO;
				DEBUG_INFORMATION_FORMAT = dwarf;
				ENABLE_STRICT_OBJC_MSGSEND = YES;
				ENABLE_TESTABILITY = YES;
				GCC_C_LANGUAGE_STANDARD = gnu11;
				GCC_DYNAMIC_NO_PIC = NO;
				GCC_NO_COMMON_BLOCKS = YES;
				GCC_OPTIMIZATION_LEVEL = 0;
				GCC_PREPROCESSOR_DEFINITIONS = (
					"DEBUG=1",
					"$(inherited)",
				);
				GCC_WARN_64_TO_32_BIT_CONVERSION = YES;
				GCC_WARN_ABOUT_RETURN_TYPE = YES_ERROR;
				GCC_WARN_UNDECLARED_SELECTOR = YES;
				GCC_WARN_UNINITIALIZED_AUTOS = YES_AGGRESSIVE;
				GCC_WARN_UNUSED_FUNCTION = YES;
				GCC_WARN_UNUSED_VARIABLE = YES;
				IPHONEOS_DEPLOYMENT_TARGET = 14.5;
				MTL_ENABLE_DEBUG_INFO = INCLUDE_SOURCE;
				MTL_FAST_MATH = YES;
				ONLY_ACTIVE_ARCH = YES;
				SDKROOT = iphoneos;
				SWIFT_ACTIVE_COMPILATION_CONDITIONS = DEBUG;
				SWIFT_OPTIMIZATION_LEVEL = "-Onone";
			};
			name = Debug;
		};
		7FC5476D26989D410028DDA0 /* Release */ = {
			isa = XCBuildConfiguration;
			buildSettings = {
				ALWAYS_SEARCH_USER_PATHS = NO;
				CLANG_ANALYZER_NONNULL = YES;
				CLANG_ANALYZER_NUMBER_OBJECT_CONVERSION = YES_AGGRESSIVE;
				CLANG_CXX_LANGUAGE_STANDARD = "gnu++14";
				CLANG_CXX_LIBRARY = "libc++";
				CLANG_ENABLE_MODULES = YES;
				CLANG_ENABLE_OBJC_ARC = YES;
				CLANG_ENABLE_OBJC_WEAK = YES;
				CLANG_WARN_BLOCK_CAPTURE_AUTORELEASING = YES;
				CLANG_WARN_BOOL_CONVERSION = YES;
				CLANG_WARN_COMMA = YES;
				CLANG_WARN_CONSTANT_CONVERSION = YES;
				CLANG_WARN_DEPRECATED_OBJC_IMPLEMENTATIONS = YES;
				CLANG_WARN_DIRECT_OBJC_ISA_USAGE = YES_ERROR;
				CLANG_WARN_DOCUMENTATION_COMMENTS = YES;
				CLANG_WARN_EMPTY_BODY = YES;
				CLANG_WARN_ENUM_CONVERSION = YES;
				CLANG_WARN_INFINITE_RECURSION = YES;
				CLANG_WARN_INT_CONVERSION = YES;
				CLANG_WARN_NON_LITERAL_NULL_CONVERSION = YES;
				CLANG_WARN_OBJC_IMPLICIT_RETAIN_SELF = YES;
				CLANG_WARN_OBJC_LITERAL_CONVERSION = YES;
				CLANG_WARN_OBJC_ROOT_CLASS = YES_ERROR;
				CLANG_WARN_QUOTED_INCLUDE_IN_FRAMEWORK_HEADER = YES;
				CLANG_WARN_RANGE_LOOP_ANALYSIS = YES;
				CLANG_WARN_STRICT_PROTOTYPES = YES;
				CLANG_WARN_SUSPICIOUS_MOVE = YES;
				CLANG_WARN_UNGUARDED_AVAILABILITY = YES_AGGRESSIVE;
				CLANG_WARN_UNREACHABLE_CODE = YES;
				CLANG_WARN__DUPLICATE_METHOD_MATCH = YES;
				COPY_PHASE_STRIP = NO;
				DEBUG_INFORMATION_FORMAT = "dwarf-with-dsym";
				ENABLE_NS_ASSERTIONS = NO;
				ENABLE_STRICT_OBJC_MSGSEND = YES;
				GCC_C_LANGUAGE_STANDARD = gnu11;
				GCC_NO_COMMON_BLOCKS = YES;
				GCC_WARN_64_TO_32_BIT_CONVERSION = YES;
				GCC_WARN_ABOUT_RETURN_TYPE = YES_ERROR;
				GCC_WARN_UNDECLARED_SELECTOR = YES;
				GCC_WARN_UNINITIALIZED_AUTOS = YES_AGGRESSIVE;
				GCC_WARN_UNUSED_FUNCTION = YES;
				GCC_WARN_UNUSED_VARIABLE = YES;
				IPHONEOS_DEPLOYMENT_TARGET = 14.5;
				MTL_ENABLE_DEBUG_INFO = NO;
				MTL_FAST_MATH = YES;
				SDKROOT = iphoneos;
				SWIFT_COMPILATION_MODE = wholemodule;
				SWIFT_OPTIMIZATION_LEVEL = "-O";
				VALIDATE_PRODUCT = YES;
			};
			name = Release;
		};
		7FC5476F26989D410028DDA0 /* Debug */ = {
			isa = XCBuildConfiguration;
			buildSettings = {
				ASSETCATALOG_COMPILER_APPICON_NAME = AppIcon;
				ASSETCATALOG_COMPILER_GLOBAL_ACCENT_COLOR_NAME = AccentColor;
				CODE_SIGN_STYLE = Automatic;
				DEVELOPMENT_TEAM = PD9MGCM3R5;
				INFOPLIST_FILE = slidersApp/Info.plist;
				LD_RUNPATH_SEARCH_PATHS = (
					"$(inherited)",
					"@executable_path/Frameworks",
				);
				PRODUCT_BUNDLE_IDENTIFIER = ru.swiftBook.slidersApp;
				PRODUCT_NAME = "$(TARGET_NAME)";
				SWIFT_VERSION = 5.0;
				TARGETED_DEVICE_FAMILY = "1,2";
			};
			name = Debug;
		};
		7FC5477026989D410028DDA0 /* Release */ = {
			isa = XCBuildConfiguration;
			buildSettings = {
				ASSETCATALOG_COMPILER_APPICON_NAME = AppIcon;
				ASSETCATALOG_COMPILER_GLOBAL_ACCENT_COLOR_NAME = AccentColor;
				CODE_SIGN_STYLE = Automatic;
				DEVELOPMENT_TEAM = PD9MGCM3R5;
				INFOPLIST_FILE = slidersApp/Info.plist;
				LD_RUNPATH_SEARCH_PATHS = (
					"$(inherited)",
					"@executable_path/Frameworks",
				);
				PRODUCT_BUNDLE_IDENTIFIER = ru.swiftBook.slidersApp;
				PRODUCT_NAME = "$(TARGET_NAME)";
				SWIFT_VERSION = 5.0;
				TARGETED_DEVICE_FAMILY = "1,2";
			};
			name = Release;
		};
/* End XCBuildConfiguration section */

/* Begin XCConfigurationList section */
		7FC5475526989D3D0028DDA0 /* Build configuration list for PBXProject "slidersApp" */ = {
			isa = XCConfigurationList;
			buildConfigurations = (
				7FC5476C26989D410028DDA0 /* Debug */,
				7FC5476D26989D410028DDA0 /* Release */,
			);
			defaultConfigurationIsVisible = 0;
			defaultConfigurationName = Release;
		};
		7FC5476E26989D410028DDA0 /* Build configuration list for PBXNativeTarget "slidersApp" */ = {
			isa = XCConfigurationList;
			buildConfigurations = (
				7FC5476F26989D410028DDA0 /* Debug */,
				7FC5477026989D410028DDA0 /* Release */,
			);
			defaultConfigurationIsVisible = 0;
			defaultConfigurationName = Release;
		};
/* End XCConfigurationList section */
	};
	rootObject = 7FC5475226989D3D0028DDA0 /* Project object */;
}
